{
  "requires": true,
  "lockfileVersion": 1,
  "dependencies": {
    "toastify": {
      "version": "2.0.0",
      "resolved": "https://registry.npmjs.org/toastify/-/toastify-2.0.0.tgz",
      "integrity": "sha512-rjGgob9JVjuPIVWxR0jv6AZIf7WssGim+sDamzSKwIq4VKxu2cji0bRFbCt1kD+XdlQNi4HyurLnfINDoGEoyg=="
    }
  }
}
